{
  "name": "@typeix/router",
  "version": "8.2.4-rc.2",
  "lockfileVersion": 2,
  "requires": true,
  "packages": {
    "": {
      "name": "@typeix/router",
      "version": "8.2.3",
      "license": "MIT",
      "dependencies": {
        "@typeix/di": "^8.2.3",
        "@typeix/metadata": "^8.2.3",
        "@typeix/utils": "^8.2.3"
      },
      "engines": {
        "node": ">=16.10.0"
      }
    },
    "node_modules/@typeix/di": {
      "version": "8.2.3",
      "resolved": "https://registry.npmjs.org/@typeix/di/-/di-8.2.3.tgz",
      "integrity": "sha512-bUQ1BJo1hwL3mieiy29c3lbkNusT7QtBt+sTy/zUPBnSPUiQ3tGFW9Q5+0SU9iLTTea1J+Nrjd+wPwLlYgS7fg==",
      "dependencies": {
        "@typeix/metadata": "^8.2.3",
        "@typeix/utils": "^8.2.3"
      },
      "engines": {
        "node": ">=16.10.0"
      }
    },
    "node_modules/@typeix/metadata": {
      "version": "8.2.3",
      "resolved": "https://registry.npmjs.org/@typeix/metadata/-/metadata-8.2.3.tgz",
      "integrity": "sha512-rYzHzONXBA8LvExC2ayE3X/R7e7vlgesV706XP0ls1sOow4C7whWzV/AaSuPIhVkhVT+fhfG0+v5O20P1qzkDg==",
      "dependencies": {
        "@typeix/utils": "^8.2.3",
        "reflect-metadata": "^0.1.13"
      },
      "engines": {
        "node": ">=16.10.0"
      }
    },
    "node_modules/@typeix/utils": {
      "version": "8.2.3",
      "resolved": "https://registry.npmjs.org/@typeix/utils/-/utils-8.2.3.tgz",
      "integrity": "sha512-EzGQmXFK4kAx8Aeg7HaDi5dw1UEzLhGRL81pcJHcTZ3ClZfQfbY+7A6runfJoez/J5G6zobec6GCoWn9sKqqzA==",
      "engines": {
        "node": ">=16.10.0"
      }
    },
    "node_modules/reflect-metadata": {
      "version": "0.1.13",
      "resolved": "https://registry.npmjs.org/reflect-metadata/-/reflect-metadata-0.1.13.tgz",
      "integrity": "sha512-Ts1Y/anZELhSsjMcU605fU9RE4Oi3p5ORujwbIKXfWa+0Zxs510Qrmrce5/Jowq3cHSZSJqBjypxmHarc+vEWg=="
    }
  },
  "dependencies": {
    "@typeix/di": {
      "version": "8.2.3",
      "resolved": "https://registry.npmjs.org/@typeix/di/-/di-8.2.3.tgz",
      "integrity": "sha512-bUQ1BJo1hwL3mieiy29c3lbkNusT7QtBt+sTy/zUPBnSPUiQ3tGFW9Q5+0SU9iLTTea1J+Nrjd+wPwLlYgS7fg==",
      "requires": {
        "@typeix/metadata": "^8.2.3",
        "@typeix/utils": "^8.2.3"
      }
    },
    "@typeix/metadata": {
      "version": "8.2.3",
      "resolved": "https://registry.npmjs.org/@typeix/metadata/-/metadata-8.2.3.tgz",
      "integrity": "sha512-rYzHzONXBA8LvExC2ayE3X/R7e7vlgesV706XP0ls1sOow4C7whWzV/AaSuPIhVkhVT+fhfG0+v5O20P1qzkDg==",
      "requires": {
        "@typeix/utils": "^8.2.3",
        "reflect-metadata": "^0.1.13"
      }
    },
    "@typeix/utils": {
      "version": "8.2.3",
      "resolved": "https://registry.npmjs.org/@typeix/utils/-/utils-8.2.3.tgz",
      "integrity": "sha512-EzGQmXFK4kAx8Aeg7HaDi5dw1UEzLhGRL81pcJHcTZ3ClZfQfbY+7A6runfJoez/J5G6zobec6GCoWn9sKqqzA=="
    },
    "reflect-metadata": {
      "version": "0.1.13",
      "resolved": "https://registry.npmjs.org/reflect-metadata/-/reflect-metadata-0.1.13.tgz",
      "integrity": "sha512-Ts1Y/anZELhSsjMcU605fU9RE4Oi3p5ORujwbIKXfWa+0Zxs510Qrmrce5/Jowq3cHSZSJqBjypxmHarc+vEWg=="
    }
  }
}
