{
  "name": "@typeix/router",
  "version": "8.4.6",
  "lockfileVersion": 3,
  "requires": true,
  "packages": {
    "": {
      "name": "@typeix/router",
      "version": "8.4.6",
      "license": "MIT",
      "dependencies": {
        "@typeix/di": "^8.4.6",
        "@typeix/metadata": "^8.4.6",
        "@typeix/utils": "^8.4.6"
      },
      "engines": {
        "node": ">=18.0.0"
      }
    },
    "node_modules/@typeix/di": {
      "version": "8.4.5",
      "resolved": "https://registry.npmjs.org/@typeix/di/-/di-8.4.5.tgz",
      "integrity": "sha512-Wanx5tcFoYpDAIEr8XsnvpIfibVeMNHcr45Bl5NRX1Cu6JtKGdWGSbTb+8FUF9eQXsojlAmJFqChqACY+voSOA==",
      "dependencies": {
        "@typeix/metadata": "^8.4.5",
        "@typeix/utils": "^8.4.5"
      },
      "engines": {
        "node": ">=18.0.0"
      }
    },
    "node_modules/@typeix/metadata": {
      "version": "8.4.5",
      "resolved": "https://registry.npmjs.org/@typeix/metadata/-/metadata-8.4.5.tgz",
      "integrity": "sha512-2C+UwTTn02QoEsw36kcX0CKk2Zpz2sfIB6CFG/3nSMBMrZxr9yRfOrT6dL0b3ldRk4aDZRRrDPq6mOx93TV46g==",
      "dependencies": {
        "@typeix/utils": "^8.4.5",
        "reflect-metadata": "^0.1.13"
      },
      "engines": {
        "node": ">=18.0.0"
      }
    },
    "node_modules/@typeix/utils": {
      "version": "8.4.5",
      "resolved": "https://registry.npmjs.org/@typeix/utils/-/utils-8.4.5.tgz",
      "integrity": "sha512-C9kmva2q6lTEhGMPgwiV84D77YBQQZbgkK4iEd+hS8PJMLOZrTKqumKLxzB4VrLd971rw7t8317ik7g+H2ZUbA==",
      "engines": {
        "node": ">=18.0.0"
      }
    },
    "node_modules/reflect-metadata": {
      "version": "0.1.13",
      "resolved": "https://registry.npmjs.org/reflect-metadata/-/reflect-metadata-0.1.13.tgz",
      "integrity": "sha512-Ts1Y/anZELhSsjMcU605fU9RE4Oi3p5ORujwbIKXfWa+0Zxs510Qrmrce5/Jowq3cHSZSJqBjypxmHarc+vEWg=="
    }
  }
}
