{
  "name": "@typeix/router",
  "version": "8.0.7-rc.2",
  "lockfileVersion": 1,
  "requires": true,
  "dependencies": {
    "@typeix/di": {
      "version": "8.0.6",
      "resolved": "https://registry.npmjs.org/@typeix/di/-/di-8.0.6.tgz",
      "integrity": "sha512-wFhASvgUc8FGJ7IKoR5ux4MP3sJMKV7wiJs9AkocUJdKTw4s9esjcmY8dVTwK6mVC2HyZhWNW/CRY1ucS2bqrA==",
      "requires": {
        "@typeix/metadata": "^8.0.6",
        "@typeix/utils": "^8.0.6"
      }
    },
    "@typeix/metadata": {
      "version": "8.0.6",
      "resolved": "https://registry.npmjs.org/@typeix/metadata/-/metadata-8.0.6.tgz",
      "integrity": "sha512-pJB6Th1wql35MLZOLlxnG0cXpp9OaX7lgL6/0ZmiPcRv28n8i3rpysqeLOaAEDBbchN/ZtRNTUtc+PEs/1Diqw==",
      "requires": {
        "@typeix/utils": "^8.0.6",
        "reflect-metadata": "^0.1.13"
      }
    },
    "@typeix/utils": {
      "version": "8.0.6",
      "resolved": "https://registry.npmjs.org/@typeix/utils/-/utils-8.0.6.tgz",
      "integrity": "sha512-281y6A8GcTSlmHRVOmYsrgheXapOiibWOHu8c2XhUjIFSDat8K/YWmmfrMOjv5NhDIMovJML4L9hhvbhBX6MVA=="
    },
    "reflect-metadata": {
      "version": "0.1.13",
      "resolved": "https://registry.npmjs.org/reflect-metadata/-/reflect-metadata-0.1.13.tgz",
      "integrity": "sha512-Ts1Y/anZELhSsjMcU605fU9RE4Oi3p5ORujwbIKXfWa+0Zxs510Qrmrce5/Jowq3cHSZSJqBjypxmHarc+vEWg=="
    }
  }
}
