{
  "name": "@typeix/modules",
  "version": "8.1.1",
  "lockfileVersion": 2,
  "requires": true,
  "packages": {
    "": {
      "name": "@typeix/modules",
      "version": "8.1.1",
      "license": "MIT",
      "dependencies": {
        "@typeix/di": "^8.1.1",
        "@typeix/metadata": "^8.1.1",
        "@typeix/utils": "^8.1.1"
      },
      "engines": {
        "node": ">= 12.10.0"
      }
    },
    "../di": {
      "name": "@typeix/di",
      "version": "8.1.1",
      "extraneous": true,
      "license": "MIT",
      "dependencies": {
        "@typeix/metadata": "^8.1.1",
        "@typeix/utils": "^8.1.1"
      },
      "engines": {
        "node": ">= 12.10.0"
      }
    },
    "../metadata": {
      "name": "@typeix/metadata",
      "version": "8.1.1",
      "license": "MIT",
      "dependencies": {
        "@typeix/utils": "^8.1.1",
        "reflect-metadata": "^0.1.13"
      },
      "engines": {
        "node": ">= 12.10.0"
      }
    },
    "../metadata/node_modules/@typeix/utils": {
      "version": "8.1.1-rc.0",
      "license": "MIT",
      "engines": {
        "node": ">= 12.10.0"
      }
    },
    "../metadata/node_modules/reflect-metadata": {
      "version": "0.1.13",
      "license": "Apache-2.0"
    },
    "../utils": {
      "name": "@typeix/utils",
      "version": "8.1.1",
      "license": "MIT",
      "engines": {
        "node": ">= 12.10.0"
      }
    },
    "node_modules/@typeix/di": {
      "version": "8.1.1",
      "resolved": "https://registry.npmjs.org/@typeix/di/-/di-8.1.1.tgz",
      "integrity": "sha512-pJC6E+7JvWSGE+Sybi/L/+a6/jsvFp4BRjb8xuEfkOXoymGb9eRndxZDwD4wAPiFXGqc+8sfMtARJPYd7bCoHw==",
      "dependencies": {
        "@typeix/metadata": "^8.1.1",
        "@typeix/utils": "^8.1.1"
      },
      "engines": {
        "node": ">= 12.10.0"
      }
    },
    "node_modules/@typeix/metadata": {
      "resolved": "../metadata",
      "link": true
    },
    "node_modules/@typeix/utils": {
      "resolved": "../utils",
      "link": true
    }
  },
  "dependencies": {
    "@typeix/di": {
      "version": "8.1.1",
      "resolved": "https://registry.npmjs.org/@typeix/di/-/di-8.1.1.tgz",
      "integrity": "sha512-pJC6E+7JvWSGE+Sybi/L/+a6/jsvFp4BRjb8xuEfkOXoymGb9eRndxZDwD4wAPiFXGqc+8sfMtARJPYd7bCoHw==",
      "requires": {
        "@typeix/metadata": "^8.1.1",
        "@typeix/utils": "^8.1.1"
      }
    },
    "@typeix/metadata": {
      "version": "file:../metadata",
      "requires": {
        "@typeix/utils": "^8.1.1",
        "reflect-metadata": "^0.1.13"
      },
      "dependencies": {
        "@typeix/utils": {
          "version": "8.1.1-rc.0"
        },
        "reflect-metadata": {
          "version": "0.1.13"
        }
      }
    },
    "@typeix/utils": {
      "version": "file:../utils"
    }
  }
}
