{
  "name": "@typeix/modules",
  "version": "8.5.0",
  "lockfileVersion": 3,
  "requires": true,
  "packages": {
    "": {
      "name": "@typeix/modules",
      "version": "8.5.0",
      "license": "MIT",
      "dependencies": {
        "@typeix/di": "^8.5.0",
        "@typeix/metadata": "^8.5.0",
        "@typeix/utils": "^8.5.0"
      },
      "engines": {
        "node": ">=18.0.0"
      }
    },
    "node_modules/@typeix/di": {
      "version": "8.4.6",
      "resolved": "https://registry.npmjs.org/@typeix/di/-/di-8.4.6.tgz",
      "integrity": "sha512-bsoNEsK5RE/6ROFkt1BOCsrvKe9AkHL19TKse6rHa5XsNQl6s1+YYimfCDFeDWNnuyg5oKUEa+oihpj3ZTxTPQ==",
      "dependencies": {
        "@typeix/metadata": "^8.4.6",
        "@typeix/utils": "^8.4.6"
      },
      "engines": {
        "node": ">=18.0.0"
      }
    },
    "node_modules/@typeix/metadata": {
      "version": "8.4.6",
      "resolved": "https://registry.npmjs.org/@typeix/metadata/-/metadata-8.4.6.tgz",
      "integrity": "sha512-bjNoFVOB9DQ/Rl00Az1q13bBnmXwNA8ARn9jH7o7b3RvtcpBCcWIdmRWDsuhVfLjsRaBFpxapMbLw08Pp53MKQ==",
      "dependencies": {
        "@typeix/utils": "^8.4.6",
        "reflect-metadata": "^0.1.13"
      },
      "engines": {
        "node": ">=18.0.0"
      }
    },
    "node_modules/@typeix/utils": {
      "version": "8.4.6",
      "resolved": "https://registry.npmjs.org/@typeix/utils/-/utils-8.4.6.tgz",
      "integrity": "sha512-6+PB8bI8vnv+2IPIiL54yGsjayBgwozo0SQ7ixJhYc+eVpt4L4juEaxpU1/AFQ2a6I947LLjckjIfvwnGxr8tw==",
      "engines": {
        "node": ">=18.0.0"
      }
    },
    "node_modules/reflect-metadata": {
      "version": "0.1.13",
      "resolved": "https://registry.npmjs.org/reflect-metadata/-/reflect-metadata-0.1.13.tgz",
      "integrity": "sha512-Ts1Y/anZELhSsjMcU605fU9RE4Oi3p5ORujwbIKXfWa+0Zxs510Qrmrce5/Jowq3cHSZSJqBjypxmHarc+vEWg=="
    }
  }
}
