{
  "name": "@typeix/modules",
  "version": "8.4.1",
  "lockfileVersion": 3,
  "requires": true,
  "packages": {
    "": {
      "name": "@typeix/modules",
      "version": "8.4.1",
      "license": "MIT",
      "dependencies": {
        "@typeix/di": "^8.4.1",
        "@typeix/metadata": "^8.4.1",
        "@typeix/utils": "^8.4.1"
      },
      "engines": {
        "node": ">=18.0.0"
      }
    },
    "node_modules/@typeix/di": {
      "version": "8.4.0",
      "resolved": "https://registry.npmjs.org/@typeix/di/-/di-8.4.0.tgz",
      "integrity": "sha512-xEPmKCze/Gg22nGmTUds2jHQMZVT0Hn7bEpz/l5kw2aPb9rqkCGjg/ulBkxMjiPQmpgB3crSBrtFf8VfL+gkYQ==",
      "dependencies": {
        "@typeix/metadata": "^8.4.0",
        "@typeix/utils": "^8.4.0"
      },
      "engines": {
        "node": ">=18.0.0"
      }
    },
    "node_modules/@typeix/metadata": {
      "version": "8.4.0",
      "resolved": "https://registry.npmjs.org/@typeix/metadata/-/metadata-8.4.0.tgz",
      "integrity": "sha512-MSfaf8p75J+4vLlPlLfa4OCsrbE3dQM4UCoGwts2zGSIanbT3qgrEKUSI5ogdZ/b+Xoz4/7SE5FUv57eC4fF7A==",
      "dependencies": {
        "@typeix/utils": "^8.4.0",
        "reflect-metadata": "^0.1.13"
      },
      "engines": {
        "node": ">=18.0.0"
      }
    },
    "node_modules/@typeix/utils": {
      "version": "8.4.0",
      "resolved": "https://registry.npmjs.org/@typeix/utils/-/utils-8.4.0.tgz",
      "integrity": "sha512-opgq1ll7fmSInoKEdveb1fd09pDL4RklfyXv2SNcYxog+yK6yLTs5rEdXovmcWn3l2IVDxnCS4FY6zihBrZfFg==",
      "engines": {
        "node": ">=18.0.0"
      }
    },
    "node_modules/reflect-metadata": {
      "version": "0.1.13",
      "resolved": "https://registry.npmjs.org/reflect-metadata/-/reflect-metadata-0.1.13.tgz",
      "integrity": "sha512-Ts1Y/anZELhSsjMcU605fU9RE4Oi3p5ORujwbIKXfWa+0Zxs510Qrmrce5/Jowq3cHSZSJqBjypxmHarc+vEWg=="
    }
  }
}
