{
  "name": "@typeix/resty-aws-lambda",
  "version": "8.0.0-alpha.0",
  "lockfileVersion": 1,
  "requires": true,
  "dependencies": {
    "@typeix/di": {
      "version": "8.0.3-alpha.0",
      "resolved": "https://registry.npmjs.org/@typeix/di/-/di-8.0.3-alpha.0.tgz",
      "integrity": "sha512-gAdZNvsgRPZkVCTMQQDus3MdDuqIInvQZwIAZQd1EFk1Yb3h556z4EU+docMM5voWiNwu2sVWQODbJ9jcAk6SQ==",
      "requires": {
        "@typeix/metadata": "^8.0.3-alpha.0",
        "@typeix/utils": "^8.0.3-alpha.0"
      }
    },
    "@typeix/logger": {
      "version": "8.0.3-alpha.0",
      "resolved": "https://registry.npmjs.org/@typeix/logger/-/logger-8.0.3-alpha.0.tgz",
      "integrity": "sha512-Dkzh5BEESm0l0kn0GVzGIubbutd6BfFtxHP3SKTTyKRRsAYCy9eHHT751jt3PNjCtP1NiDQJ9hYqVSW6XrRM2w==",
      "requires": {
        "@typeix/di": "^8.0.3-alpha.0",
        "pino": "^6.11.3"
      }
    },
    "@typeix/metadata": {
      "version": "8.0.3-alpha.0",
      "resolved": "https://registry.npmjs.org/@typeix/metadata/-/metadata-8.0.3-alpha.0.tgz",
      "integrity": "sha512-trnekvb8jlTaqQ26yIunXWHDftHBZ1SdCVez2qpkTANAfjUPC1xDuWfFmhAdgxLTTH4fsJGHrFDmyvRmkRLLaw==",
      "requires": {
        "@typeix/utils": "^8.0.3-alpha.0",
        "reflect-metadata": "^0.1.13"
      }
    },
    "@typeix/modules": {
      "version": "8.0.3-alpha.0",
      "resolved": "https://registry.npmjs.org/@typeix/modules/-/modules-8.0.3-alpha.0.tgz",
      "integrity": "sha512-kymANvY0LPSa7yuF/5NYRgAfh8qnhx88h1JzZQau74/qdMqElgAZFNa0G8WcXw3SZloaZwVb4YtQFzpEoI2Nlw==",
      "requires": {
        "@typeix/di": "^8.0.3-alpha.0",
        "@typeix/metadata": "^8.0.3-alpha.0",
        "@typeix/utils": "^8.0.3-alpha.0"
      }
    },
    "@typeix/resty": {
      "version": "8.0.3-alpha.0",
      "resolved": "https://registry.npmjs.org/@typeix/resty/-/resty-8.0.3-alpha.0.tgz",
      "integrity": "sha512-8VTRSwJpMdrfSaoido+1ee+33RJxJzSkGensabIBfzxJxB5BgRNNIzK9p1KwKWhHzl0w76mhjIPSI6bd27xThQ==",
      "requires": {
        "@typeix/di": "^8.0.3-alpha.0",
        "@typeix/logger": "^8.0.3-alpha.0",
        "@typeix/metadata": "^8.0.3-alpha.0",
        "@typeix/modules": "^8.0.3-alpha.0",
        "@typeix/router": "^8.0.3-alpha.0",
        "@typeix/utils": "^8.0.3-alpha.0"
      }
    },
    "@typeix/router": {
      "version": "8.0.3-alpha.0",
      "resolved": "https://registry.npmjs.org/@typeix/router/-/router-8.0.3-alpha.0.tgz",
      "integrity": "sha512-lyd5Z4r4QOj8MLVZxMHBKa9jXXlURsNscLQPkLzOTgXiv6HPlhCwU8U72y6uEe3zw3pl8Gj0sU8RGsHrwjvj2A==",
      "requires": {
        "@typeix/di": "^8.0.3-alpha.0",
        "@typeix/metadata": "^8.0.3-alpha.0",
        "@typeix/utils": "^8.0.3-alpha.0"
      }
    },
    "@typeix/utils": {
      "version": "8.0.3-alpha.0",
      "resolved": "https://registry.npmjs.org/@typeix/utils/-/utils-8.0.3-alpha.0.tgz",
      "integrity": "sha512-Nvg2gMs9wjC+70KKMaBPzfxlrLzcBH4ef6zx2uy2mM3Id5y8aSELg9/3D7xXoP97T230LskTb1BZJguNpUaTXw=="
    },
    "@types/aws-lambda": {
      "version": "8.10.75",
      "resolved": "https://registry.npmjs.org/@types/aws-lambda/-/aws-lambda-8.10.75.tgz",
      "integrity": "sha512-orOKSsIVUMsAbKgbSX2ST3FwQt9pxinHVCAIAVl4SmmTxmki2Gu+cGqobMD3eYwDV5FV0YNtaXyxnvE9pLrKTw==",
      "dev": true
    },
    "atomic-sleep": {
      "version": "1.0.0",
      "resolved": "https://registry.npmjs.org/atomic-sleep/-/atomic-sleep-1.0.0.tgz",
      "integrity": "sha512-kNOjDqAh7px0XWNI+4QbzoiR/nTkHAWNud2uvnJquD1/x5a7EQZMJT0AczqK0Qn67oY/TTQ1LbUKajZpp3I9tQ=="
    },
    "fast-redact": {
      "version": "3.0.1",
      "resolved": "https://registry.npmjs.org/fast-redact/-/fast-redact-3.0.1.tgz",
      "integrity": "sha512-kYpn4Y/valC9MdrISg47tZOpYBNoTXKgT9GYXFpHN/jYFs+lFkPoisY+LcBODdKVMY96ATzvzsWv+ES/4Kmufw=="
    },
    "fast-safe-stringify": {
      "version": "2.0.7",
      "resolved": "https://registry.npmjs.org/fast-safe-stringify/-/fast-safe-stringify-2.0.7.tgz",
      "integrity": "sha512-Utm6CdzT+6xsDk2m8S6uL8VHxNwI6Jub+e9NYTcAms28T84pTa25GJQV9j0CY0N1rM8hK4x6grpF2BQf+2qwVA=="
    },
    "flatstr": {
      "version": "1.0.12",
      "resolved": "https://registry.npmjs.org/flatstr/-/flatstr-1.0.12.tgz",
      "integrity": "sha512-4zPxDyhCyiN2wIAtSLI6gc82/EjqZc1onI4Mz/l0pWrAlsSfYH/2ZIcU+e3oA2wDwbzIWNKwa23F8rh6+DRWkw=="
    },
    "pino": {
      "version": "6.11.3",
      "resolved": "https://registry.npmjs.org/pino/-/pino-6.11.3.tgz",
      "integrity": "sha512-drPtqkkSf0ufx2gaea3TryFiBHdNIdXKf5LN0hTM82SXI4xVIve2wLwNg92e1MT6m3jASLu6VO7eGY6+mmGeyw==",
      "requires": {
        "fast-redact": "^3.0.0",
        "fast-safe-stringify": "^2.0.7",
        "flatstr": "^1.0.12",
        "pino-std-serializers": "^3.1.0",
        "quick-format-unescaped": "^4.0.3",
        "sonic-boom": "^1.0.2"
      }
    },
    "pino-std-serializers": {
      "version": "3.2.0",
      "resolved": "https://registry.npmjs.org/pino-std-serializers/-/pino-std-serializers-3.2.0.tgz",
      "integrity": "sha512-EqX4pwDPrt3MuOAAUBMU0Tk5kR/YcCM5fNPEzgCO2zJ5HfX0vbiH9HbJglnyeQsN96Kznae6MWD47pZB5avTrg=="
    },
    "quick-format-unescaped": {
      "version": "4.0.3",
      "resolved": "https://registry.npmjs.org/quick-format-unescaped/-/quick-format-unescaped-4.0.3.tgz",
      "integrity": "sha512-MaL/oqh02mhEo5m5J2rwsVL23Iw2PEaGVHgT2vFt8AAsr0lfvQA5dpXo9TPu0rz7tSBdUPgkbam0j/fj5ZM8yg=="
    },
    "reflect-metadata": {
      "version": "0.1.13",
      "resolved": "https://registry.npmjs.org/reflect-metadata/-/reflect-metadata-0.1.13.tgz",
      "integrity": "sha512-Ts1Y/anZELhSsjMcU605fU9RE4Oi3p5ORujwbIKXfWa+0Zxs510Qrmrce5/Jowq3cHSZSJqBjypxmHarc+vEWg=="
    },
    "sonic-boom": {
      "version": "1.4.1",
      "resolved": "https://registry.npmjs.org/sonic-boom/-/sonic-boom-1.4.1.tgz",
      "integrity": "sha512-LRHh/A8tpW7ru89lrlkU4AszXt1dbwSjVWguGrmlxE7tawVmDBlI1PILMkXAxJTwqhgsEeTHzj36D5CmHgQmNg==",
      "requires": {
        "atomic-sleep": "^1.0.0",
        "flatstr": "^1.0.12"
      }
    }
  }
}
