{
  "name": "@typeix/resty-aws-lambda",
  "version": "7.4.1-alpha.2",
  "lockfileVersion": 2,
  "requires": true,
  "packages": {
    "": {
      "name": "@typeix/resty-aws-lambda",
      "version": "7.4.1-alpha.0",
      "license": "MIT",
      "dependencies": {
        "@typeix/resty": "^7.4.1-alpha.0"
      },
      "devDependencies": {
        "@types/aws-lambda": "^8.10.75"
      },
      "engines": {
        "node": ">= 12.10.0"
      }
    },
    "node_modules/@typeix/di": {
      "version": "7.4.1-alpha.0",
      "resolved": "https://registry.npmjs.org/@typeix/di/-/di-7.4.1-alpha.0.tgz",
      "integrity": "sha512-bUpYI2g81ziFarTSp8r75W9LzbZjexiQe4Hn9Ym51wyNkdMVZ1pvgR/3iG/7R/ZBLiaNv4muqOfNfrUua/YvRg==",
      "dependencies": {
        "@typeix/metadata": "^7.4.1-alpha.0",
        "@typeix/utils": "^7.4.1-alpha.0"
      },
      "engines": {
        "node": ">= 12.10.0"
      }
    },
    "node_modules/@typeix/logger": {
      "version": "7.4.1-alpha.0",
      "resolved": "https://registry.npmjs.org/@typeix/logger/-/logger-7.4.1-alpha.0.tgz",
      "integrity": "sha512-mq5S6jXCRssZvXzIggzaH36HPaKKCSVTXJpQIJuBco7D8QerD2ByIuEXLWZSt+pZfNc1boPjlYll/XIZIMjR+A==",
      "dependencies": {
        "@typeix/di": "^7.4.1-alpha.0",
        "pino": "^6.11.3"
      },
      "engines": {
        "node": ">= 12.10.0"
      }
    },
    "node_modules/@typeix/metadata": {
      "version": "7.4.1-alpha.0",
      "resolved": "https://registry.npmjs.org/@typeix/metadata/-/metadata-7.4.1-alpha.0.tgz",
      "integrity": "sha512-znHy2rmsG8pzjnyhJ2BOITW4wGh2zUDGb8lzK3v2eKq3kovEt2clYfkPo+h5Z2B/qsmtX0ciz4AzB2DhezvnbA==",
      "dependencies": {
        "@typeix/utils": "^7.4.1-alpha.0",
        "reflect-metadata": "^0.1.13"
      },
      "engines": {
        "node": ">= 12.10.0"
      }
    },
    "node_modules/@typeix/modules": {
      "version": "7.4.1-alpha.0",
      "resolved": "https://registry.npmjs.org/@typeix/modules/-/modules-7.4.1-alpha.0.tgz",
      "integrity": "sha512-M+RoJpH8oJaHw5oeBhBzd7qgq9OalexlhrWkE5o8WU4zZIH55XR+a2syERGb7sauvVdyXLgyE/smscCtl8RlmA==",
      "dependencies": {
        "@typeix/di": "^7.4.1-alpha.0",
        "@typeix/metadata": "^7.4.1-alpha.0",
        "@typeix/utils": "^7.4.1-alpha.0"
      },
      "engines": {
        "node": ">= 12.10.0"
      }
    },
    "node_modules/@typeix/resty": {
      "version": "7.4.1-alpha.0",
      "resolved": "https://registry.npmjs.org/@typeix/resty/-/resty-7.4.1-alpha.0.tgz",
      "integrity": "sha512-JWJY+9ow1sUMycczirinDfQ/KtDuMmmfyYq1enuRi4hs7guo8SgOSIVLOGa476V/y6C+0WXLu1lTCAVvI3FNww==",
      "dependencies": {
        "@typeix/di": "^7.4.1-alpha.0",
        "@typeix/logger": "^7.4.1-alpha.0",
        "@typeix/metadata": "^7.4.1-alpha.0",
        "@typeix/modules": "^7.4.1-alpha.0",
        "@typeix/router": "^7.4.1-alpha.0",
        "@typeix/utils": "^7.4.1-alpha.0"
      },
      "engines": {
        "node": ">= 12.10.0"
      }
    },
    "node_modules/@typeix/router": {
      "version": "7.4.1-alpha.0",
      "resolved": "https://registry.npmjs.org/@typeix/router/-/router-7.4.1-alpha.0.tgz",
      "integrity": "sha512-82mFVD5uVfOdTHtbUjvet16LOTxhFtQtW1iTBkgz0kSLkUUCBj9A16jFWii8/KyBrAoeSppFAuJgIascJZCTDw==",
      "dependencies": {
        "@typeix/di": "^7.4.1-alpha.0",
        "@typeix/metadata": "^7.4.1-alpha.0",
        "@typeix/utils": "^7.4.1-alpha.0"
      },
      "engines": {
        "node": ">= 12.10.0"
      }
    },
    "node_modules/@typeix/utils": {
      "version": "7.4.1-alpha.0",
      "resolved": "https://registry.npmjs.org/@typeix/utils/-/utils-7.4.1-alpha.0.tgz",
      "integrity": "sha512-yaFV6c5wdkKkJ2S25Kn8KTJaK7owrhTi5CKsJT1ZsdSqMZHhAhLaTacIw1J5vvNm//n9d8MM/N7Lr9PineTNwA==",
      "engines": {
        "node": ">= 12.10.0"
      }
    },
    "node_modules/@types/aws-lambda": {
      "version": "8.10.75",
      "resolved": "https://registry.npmjs.org/@types/aws-lambda/-/aws-lambda-8.10.75.tgz",
      "integrity": "sha512-orOKSsIVUMsAbKgbSX2ST3FwQt9pxinHVCAIAVl4SmmTxmki2Gu+cGqobMD3eYwDV5FV0YNtaXyxnvE9pLrKTw==",
      "dev": true
    },
    "node_modules/atomic-sleep": {
      "version": "1.0.0",
      "resolved": "https://registry.npmjs.org/atomic-sleep/-/atomic-sleep-1.0.0.tgz",
      "integrity": "sha512-kNOjDqAh7px0XWNI+4QbzoiR/nTkHAWNud2uvnJquD1/x5a7EQZMJT0AczqK0Qn67oY/TTQ1LbUKajZpp3I9tQ==",
      "engines": {
        "node": ">=8.0.0"
      }
    },
    "node_modules/fast-redact": {
      "version": "3.0.0",
      "resolved": "https://registry.npmjs.org/fast-redact/-/fast-redact-3.0.0.tgz",
      "integrity": "sha512-a/S/Hp6aoIjx7EmugtzLqXmcNsyFszqbt6qQ99BdG61QjBZF6shNis0BYR6TsZOQ1twYc0FN2Xdhwwbv6+KD0w==",
      "engines": {
        "node": ">=6"
      }
    },
    "node_modules/fast-safe-stringify": {
      "version": "2.0.7",
      "resolved": "https://registry.npmjs.org/fast-safe-stringify/-/fast-safe-stringify-2.0.7.tgz",
      "integrity": "sha512-Utm6CdzT+6xsDk2m8S6uL8VHxNwI6Jub+e9NYTcAms28T84pTa25GJQV9j0CY0N1rM8hK4x6grpF2BQf+2qwVA=="
    },
    "node_modules/flatstr": {
      "version": "1.0.12",
      "resolved": "https://registry.npmjs.org/flatstr/-/flatstr-1.0.12.tgz",
      "integrity": "sha512-4zPxDyhCyiN2wIAtSLI6gc82/EjqZc1onI4Mz/l0pWrAlsSfYH/2ZIcU+e3oA2wDwbzIWNKwa23F8rh6+DRWkw=="
    },
    "node_modules/pino": {
      "version": "6.11.3",
      "resolved": "https://registry.npmjs.org/pino/-/pino-6.11.3.tgz",
      "integrity": "sha512-drPtqkkSf0ufx2gaea3TryFiBHdNIdXKf5LN0hTM82SXI4xVIve2wLwNg92e1MT6m3jASLu6VO7eGY6+mmGeyw==",
      "dependencies": {
        "fast-redact": "^3.0.0",
        "fast-safe-stringify": "^2.0.7",
        "flatstr": "^1.0.12",
        "pino-std-serializers": "^3.1.0",
        "quick-format-unescaped": "^4.0.3",
        "sonic-boom": "^1.0.2"
      },
      "bin": {
        "pino": "bin.js"
      }
    },
    "node_modules/pino-std-serializers": {
      "version": "3.2.0",
      "resolved": "https://registry.npmjs.org/pino-std-serializers/-/pino-std-serializers-3.2.0.tgz",
      "integrity": "sha512-EqX4pwDPrt3MuOAAUBMU0Tk5kR/YcCM5fNPEzgCO2zJ5HfX0vbiH9HbJglnyeQsN96Kznae6MWD47pZB5avTrg=="
    },
    "node_modules/quick-format-unescaped": {
      "version": "4.0.3",
      "resolved": "https://registry.npmjs.org/quick-format-unescaped/-/quick-format-unescaped-4.0.3.tgz",
      "integrity": "sha512-MaL/oqh02mhEo5m5J2rwsVL23Iw2PEaGVHgT2vFt8AAsr0lfvQA5dpXo9TPu0rz7tSBdUPgkbam0j/fj5ZM8yg=="
    },
    "node_modules/reflect-metadata": {
      "version": "0.1.13",
      "resolved": "https://registry.npmjs.org/reflect-metadata/-/reflect-metadata-0.1.13.tgz",
      "integrity": "sha512-Ts1Y/anZELhSsjMcU605fU9RE4Oi3p5ORujwbIKXfWa+0Zxs510Qrmrce5/Jowq3cHSZSJqBjypxmHarc+vEWg=="
    },
    "node_modules/sonic-boom": {
      "version": "1.4.1",
      "resolved": "https://registry.npmjs.org/sonic-boom/-/sonic-boom-1.4.1.tgz",
      "integrity": "sha512-LRHh/A8tpW7ru89lrlkU4AszXt1dbwSjVWguGrmlxE7tawVmDBlI1PILMkXAxJTwqhgsEeTHzj36D5CmHgQmNg==",
      "dependencies": {
        "atomic-sleep": "^1.0.0",
        "flatstr": "^1.0.12"
      }
    }
  },
  "dependencies": {
    "@typeix/di": {
      "version": "7.4.1-alpha.0",
      "resolved": "https://registry.npmjs.org/@typeix/di/-/di-7.4.1-alpha.0.tgz",
      "integrity": "sha512-bUpYI2g81ziFarTSp8r75W9LzbZjexiQe4Hn9Ym51wyNkdMVZ1pvgR/3iG/7R/ZBLiaNv4muqOfNfrUua/YvRg==",
      "requires": {
        "@typeix/metadata": "^7.4.1-alpha.0",
        "@typeix/utils": "^7.4.1-alpha.0"
      }
    },
    "@typeix/logger": {
      "version": "7.4.1-alpha.0",
      "resolved": "https://registry.npmjs.org/@typeix/logger/-/logger-7.4.1-alpha.0.tgz",
      "integrity": "sha512-mq5S6jXCRssZvXzIggzaH36HPaKKCSVTXJpQIJuBco7D8QerD2ByIuEXLWZSt+pZfNc1boPjlYll/XIZIMjR+A==",
      "requires": {
        "@typeix/di": "^7.4.1-alpha.0",
        "pino": "^6.11.3"
      }
    },
    "@typeix/metadata": {
      "version": "7.4.1-alpha.0",
      "resolved": "https://registry.npmjs.org/@typeix/metadata/-/metadata-7.4.1-alpha.0.tgz",
      "integrity": "sha512-znHy2rmsG8pzjnyhJ2BOITW4wGh2zUDGb8lzK3v2eKq3kovEt2clYfkPo+h5Z2B/qsmtX0ciz4AzB2DhezvnbA==",
      "requires": {
        "@typeix/utils": "^7.4.1-alpha.0",
        "reflect-metadata": "^0.1.13"
      }
    },
    "@typeix/modules": {
      "version": "7.4.1-alpha.0",
      "resolved": "https://registry.npmjs.org/@typeix/modules/-/modules-7.4.1-alpha.0.tgz",
      "integrity": "sha512-M+RoJpH8oJaHw5oeBhBzd7qgq9OalexlhrWkE5o8WU4zZIH55XR+a2syERGb7sauvVdyXLgyE/smscCtl8RlmA==",
      "requires": {
        "@typeix/di": "^7.4.1-alpha.0",
        "@typeix/metadata": "^7.4.1-alpha.0",
        "@typeix/utils": "^7.4.1-alpha.0"
      }
    },
    "@typeix/resty": {
      "version": "7.4.1-alpha.0",
      "resolved": "https://registry.npmjs.org/@typeix/resty/-/resty-7.4.1-alpha.0.tgz",
      "integrity": "sha512-JWJY+9ow1sUMycczirinDfQ/KtDuMmmfyYq1enuRi4hs7guo8SgOSIVLOGa476V/y6C+0WXLu1lTCAVvI3FNww==",
      "requires": {
        "@typeix/di": "^7.4.1-alpha.0",
        "@typeix/logger": "^7.4.1-alpha.0",
        "@typeix/metadata": "^7.4.1-alpha.0",
        "@typeix/modules": "^7.4.1-alpha.0",
        "@typeix/router": "^7.4.1-alpha.0",
        "@typeix/utils": "^7.4.1-alpha.0"
      }
    },
    "@typeix/router": {
      "version": "7.4.1-alpha.0",
      "resolved": "https://registry.npmjs.org/@typeix/router/-/router-7.4.1-alpha.0.tgz",
      "integrity": "sha512-82mFVD5uVfOdTHtbUjvet16LOTxhFtQtW1iTBkgz0kSLkUUCBj9A16jFWii8/KyBrAoeSppFAuJgIascJZCTDw==",
      "requires": {
        "@typeix/di": "^7.4.1-alpha.0",
        "@typeix/metadata": "^7.4.1-alpha.0",
        "@typeix/utils": "^7.4.1-alpha.0"
      }
    },
    "@typeix/utils": {
      "version": "7.4.1-alpha.0",
      "resolved": "https://registry.npmjs.org/@typeix/utils/-/utils-7.4.1-alpha.0.tgz",
      "integrity": "sha512-yaFV6c5wdkKkJ2S25Kn8KTJaK7owrhTi5CKsJT1ZsdSqMZHhAhLaTacIw1J5vvNm//n9d8MM/N7Lr9PineTNwA=="
    },
    "@types/aws-lambda": {
      "version": "8.10.75",
      "resolved": "https://registry.npmjs.org/@types/aws-lambda/-/aws-lambda-8.10.75.tgz",
      "integrity": "sha512-orOKSsIVUMsAbKgbSX2ST3FwQt9pxinHVCAIAVl4SmmTxmki2Gu+cGqobMD3eYwDV5FV0YNtaXyxnvE9pLrKTw==",
      "dev": true
    },
    "atomic-sleep": {
      "version": "1.0.0",
      "resolved": "https://registry.npmjs.org/atomic-sleep/-/atomic-sleep-1.0.0.tgz",
      "integrity": "sha512-kNOjDqAh7px0XWNI+4QbzoiR/nTkHAWNud2uvnJquD1/x5a7EQZMJT0AczqK0Qn67oY/TTQ1LbUKajZpp3I9tQ=="
    },
    "fast-redact": {
      "version": "3.0.0",
      "resolved": "https://registry.npmjs.org/fast-redact/-/fast-redact-3.0.0.tgz",
      "integrity": "sha512-a/S/Hp6aoIjx7EmugtzLqXmcNsyFszqbt6qQ99BdG61QjBZF6shNis0BYR6TsZOQ1twYc0FN2Xdhwwbv6+KD0w=="
    },
    "fast-safe-stringify": {
      "version": "2.0.7",
      "resolved": "https://registry.npmjs.org/fast-safe-stringify/-/fast-safe-stringify-2.0.7.tgz",
      "integrity": "sha512-Utm6CdzT+6xsDk2m8S6uL8VHxNwI6Jub+e9NYTcAms28T84pTa25GJQV9j0CY0N1rM8hK4x6grpF2BQf+2qwVA=="
    },
    "flatstr": {
      "version": "1.0.12",
      "resolved": "https://registry.npmjs.org/flatstr/-/flatstr-1.0.12.tgz",
      "integrity": "sha512-4zPxDyhCyiN2wIAtSLI6gc82/EjqZc1onI4Mz/l0pWrAlsSfYH/2ZIcU+e3oA2wDwbzIWNKwa23F8rh6+DRWkw=="
    },
    "pino": {
      "version": "6.11.3",
      "resolved": "https://registry.npmjs.org/pino/-/pino-6.11.3.tgz",
      "integrity": "sha512-drPtqkkSf0ufx2gaea3TryFiBHdNIdXKf5LN0hTM82SXI4xVIve2wLwNg92e1MT6m3jASLu6VO7eGY6+mmGeyw==",
      "requires": {
        "fast-redact": "^3.0.0",
        "fast-safe-stringify": "^2.0.7",
        "flatstr": "^1.0.12",
        "pino-std-serializers": "^3.1.0",
        "quick-format-unescaped": "^4.0.3",
        "sonic-boom": "^1.0.2"
      }
    },
    "pino-std-serializers": {
      "version": "3.2.0",
      "resolved": "https://registry.npmjs.org/pino-std-serializers/-/pino-std-serializers-3.2.0.tgz",
      "integrity": "sha512-EqX4pwDPrt3MuOAAUBMU0Tk5kR/YcCM5fNPEzgCO2zJ5HfX0vbiH9HbJglnyeQsN96Kznae6MWD47pZB5avTrg=="
    },
    "quick-format-unescaped": {
      "version": "4.0.3",
      "resolved": "https://registry.npmjs.org/quick-format-unescaped/-/quick-format-unescaped-4.0.3.tgz",
      "integrity": "sha512-MaL/oqh02mhEo5m5J2rwsVL23Iw2PEaGVHgT2vFt8AAsr0lfvQA5dpXo9TPu0rz7tSBdUPgkbam0j/fj5ZM8yg=="
    },
    "reflect-metadata": {
      "version": "0.1.13",
      "resolved": "https://registry.npmjs.org/reflect-metadata/-/reflect-metadata-0.1.13.tgz",
      "integrity": "sha512-Ts1Y/anZELhSsjMcU605fU9RE4Oi3p5ORujwbIKXfWa+0Zxs510Qrmrce5/Jowq3cHSZSJqBjypxmHarc+vEWg=="
    },
    "sonic-boom": {
      "version": "1.4.1",
      "resolved": "https://registry.npmjs.org/sonic-boom/-/sonic-boom-1.4.1.tgz",
      "integrity": "sha512-LRHh/A8tpW7ru89lrlkU4AszXt1dbwSjVWguGrmlxE7tawVmDBlI1PILMkXAxJTwqhgsEeTHzj36D5CmHgQmNg==",
      "requires": {
        "atomic-sleep": "^1.0.0",
        "flatstr": "^1.0.12"
      }
    }
  }
}
