{
  "name": "@typeix/di",
  "version": "8.0.3-alpha.0",
  "lockfileVersion": 1,
  "requires": true,
  "dependencies": {
    "@typeix/metadata": {
      "version": "8.0.3-alpha.0",
      "resolved": "https://registry.npmjs.org/@typeix/metadata/-/metadata-8.0.3-alpha.0.tgz",
      "integrity": "sha512-trnekvb8jlTaqQ26yIunXWHDftHBZ1SdCVez2qpkTANAfjUPC1xDuWfFmhAdgxLTTH4fsJGHrFDmyvRmkRLLaw==",
      "requires": {
        "@typeix/utils": "^8.0.3-alpha.0",
        "reflect-metadata": "^0.1.13"
      }
    },
    "@typeix/utils": {
      "version": "8.0.3-alpha.0",
      "resolved": "https://registry.npmjs.org/@typeix/utils/-/utils-8.0.3-alpha.0.tgz",
      "integrity": "sha512-Nvg2gMs9wjC+70KKMaBPzfxlrLzcBH4ef6zx2uy2mM3Id5y8aSELg9/3D7xXoP97T230LskTb1BZJguNpUaTXw=="
    },
    "reflect-metadata": {
      "version": "0.1.13",
      "resolved": "https://registry.npmjs.org/reflect-metadata/-/reflect-metadata-0.1.13.tgz",
      "integrity": "sha512-Ts1Y/anZELhSsjMcU605fU9RE4Oi3p5ORujwbIKXfWa+0Zxs510Qrmrce5/Jowq3cHSZSJqBjypxmHarc+vEWg=="
    }
  }
}
