{
  "name": "@typeix/di",
  "version": "8.4.2",
  "lockfileVersion": 3,
  "requires": true,
  "packages": {
    "": {
      "name": "@typeix/di",
      "version": "8.4.2",
      "license": "MIT",
      "dependencies": {
        "@typeix/metadata": "^8.4.2",
        "@typeix/utils": "^8.4.2"
      },
      "engines": {
        "node": ">=18.0.0"
      }
    },
    "node_modules/@typeix/metadata": {
      "version": "8.4.1",
      "resolved": "https://registry.npmjs.org/@typeix/metadata/-/metadata-8.4.1.tgz",
      "integrity": "sha512-JtGjhFTSC2Ui1sA3dFmYQw5YUQRlEtpX5VlRUAFw5uf0fSV3n8bu/cPW5YFyYYX5rOWPcugws3N2w8dBZEC3Ww==",
      "dependencies": {
        "@typeix/utils": "^8.4.1",
        "reflect-metadata": "^0.1.13"
      },
      "engines": {
        "node": ">=18.0.0"
      }
    },
    "node_modules/@typeix/utils": {
      "version": "8.4.1",
      "resolved": "https://registry.npmjs.org/@typeix/utils/-/utils-8.4.1.tgz",
      "integrity": "sha512-+RVaIYbngmm6I0PE8zGJlAFh4wfLAQH4e7Iyn2JhKt5uQYWEY3ef3uN2Cj5SoHlKSv3lYKreTKeBuU9tjp752Q==",
      "engines": {
        "node": ">=18.0.0"
      }
    },
    "node_modules/reflect-metadata": {
      "version": "0.1.13",
      "resolved": "https://registry.npmjs.org/reflect-metadata/-/reflect-metadata-0.1.13.tgz",
      "integrity": "sha512-Ts1Y/anZELhSsjMcU605fU9RE4Oi3p5ORujwbIKXfWa+0Zxs510Qrmrce5/Jowq3cHSZSJqBjypxmHarc+vEWg=="
    }
  }
}
