{
  "name": "@typeix/resty",
  "version": "7.2.7-alpha.0",
  "lockfileVersion": 1,
  "requires": true,
  "dependencies": {
    "@typeix/di": {
      "version": "7.1.0",
      "resolved": "https://registry.npmjs.org/@typeix/di/-/di-7.1.0.tgz",
      "integrity": "sha512-YOmEZ6vo0qXTZZP1iw95INa7NubRm9/ctcCfYKeUoB04fRkJINpZQobaXqZJna7WCMbkR8ldSIoDR08V68sFww==",
      "requires": {
        "@typeix/metadata": "^7.1.0",
        "@typeix/utils": "^7.1.0"
      }
    },
    "@typeix/logger": {
      "version": "7.1.0",
      "resolved": "https://registry.npmjs.org/@typeix/logger/-/logger-7.1.0.tgz",
      "integrity": "sha512-FC8gAcXGMfK1JqeFfBZum/64oBQ0bTNVxIZwReCNFLC5zBBKnF0Me0jC/+TSbY+NDyo2vV6ZL0wNSYNyUBkQvw==",
      "requires": {
        "@typeix/di": "^7.1.0",
        "pino": "^6.11.3"
      }
    },
    "@typeix/metadata": {
      "version": "7.1.0",
      "resolved": "https://registry.npmjs.org/@typeix/metadata/-/metadata-7.1.0.tgz",
      "integrity": "sha512-7Vl4LpZxVqkxerB7GYI37fCRgYPC1X4Ac8wJDNvFZRFDUBK6bNV5TiYMtG1i5xZ4n8xk0jwsnpJPwlmpGhV9/Q==",
      "requires": {
        "@typeix/utils": "^7.1.0",
        "reflect-metadata": "^0.1.13"
      }
    },
    "@typeix/modules": {
      "version": "7.1.0",
      "resolved": "https://registry.npmjs.org/@typeix/modules/-/modules-7.1.0.tgz",
      "integrity": "sha512-l6ZV04XtEFIWww6lGWZiJCoEjgMjQVVG+ABNVHTq/4OCGL+VWy9jjH8/Bxj/K43Ir/q6TiJA/WNUWR4QKCOdCA==",
      "requires": {
        "@typeix/di": "^7.1.0",
        "@typeix/metadata": "^7.1.0",
        "@typeix/utils": "^7.1.0"
      }
    },
    "@typeix/router": {
      "version": "7.1.0",
      "resolved": "https://registry.npmjs.org/@typeix/router/-/router-7.1.0.tgz",
      "integrity": "sha512-MsEVfe1l5MnGjlfYSZC+bHNJh2sN43W7apXlM6Th7drxbB8T6xgYD5wsZ+2Re3YOsGAGUcd54yENLTPwYCWorA==",
      "requires": {
        "@typeix/di": "^7.1.0",
        "@typeix/metadata": "^7.1.0",
        "@typeix/utils": "^7.1.0"
      }
    },
    "@typeix/utils": {
      "version": "7.1.0",
      "resolved": "https://registry.npmjs.org/@typeix/utils/-/utils-7.1.0.tgz",
      "integrity": "sha512-ZxOu3zgKbgfpWFPe+WI9LEG/tCskhHn2Lm7Xa5iwVswDa7mSnnwvSlYwBoFh6I0NxQ6S0pIbp6xLyGMswLBqww=="
    },
    "@types/aws-lambda": {
      "version": "8.10.75",
      "resolved": "https://registry.npmjs.org/@types/aws-lambda/-/aws-lambda-8.10.75.tgz",
      "integrity": "sha512-orOKSsIVUMsAbKgbSX2ST3FwQt9pxinHVCAIAVl4SmmTxmki2Gu+cGqobMD3eYwDV5FV0YNtaXyxnvE9pLrKTw==",
      "dev": true
    },
    "atomic-sleep": {
      "version": "1.0.0",
      "resolved": "https://registry.npmjs.org/atomic-sleep/-/atomic-sleep-1.0.0.tgz",
      "integrity": "sha512-kNOjDqAh7px0XWNI+4QbzoiR/nTkHAWNud2uvnJquD1/x5a7EQZMJT0AczqK0Qn67oY/TTQ1LbUKajZpp3I9tQ=="
    },
    "fast-redact": {
      "version": "3.0.0",
      "resolved": "https://registry.npmjs.org/fast-redact/-/fast-redact-3.0.0.tgz",
      "integrity": "sha512-a/S/Hp6aoIjx7EmugtzLqXmcNsyFszqbt6qQ99BdG61QjBZF6shNis0BYR6TsZOQ1twYc0FN2Xdhwwbv6+KD0w=="
    },
    "fast-safe-stringify": {
      "version": "2.0.7",
      "resolved": "https://registry.npmjs.org/fast-safe-stringify/-/fast-safe-stringify-2.0.7.tgz",
      "integrity": "sha512-Utm6CdzT+6xsDk2m8S6uL8VHxNwI6Jub+e9NYTcAms28T84pTa25GJQV9j0CY0N1rM8hK4x6grpF2BQf+2qwVA=="
    },
    "flatstr": {
      "version": "1.0.12",
      "resolved": "https://registry.npmjs.org/flatstr/-/flatstr-1.0.12.tgz",
      "integrity": "sha512-4zPxDyhCyiN2wIAtSLI6gc82/EjqZc1onI4Mz/l0pWrAlsSfYH/2ZIcU+e3oA2wDwbzIWNKwa23F8rh6+DRWkw=="
    },
    "pino": {
      "version": "6.11.3",
      "resolved": "https://registry.npmjs.org/pino/-/pino-6.11.3.tgz",
      "integrity": "sha512-drPtqkkSf0ufx2gaea3TryFiBHdNIdXKf5LN0hTM82SXI4xVIve2wLwNg92e1MT6m3jASLu6VO7eGY6+mmGeyw==",
      "requires": {
        "fast-redact": "^3.0.0",
        "fast-safe-stringify": "^2.0.7",
        "flatstr": "^1.0.12",
        "pino-std-serializers": "^3.1.0",
        "quick-format-unescaped": "^4.0.3",
        "sonic-boom": "^1.0.2"
      }
    },
    "pino-std-serializers": {
      "version": "3.2.0",
      "resolved": "https://registry.npmjs.org/pino-std-serializers/-/pino-std-serializers-3.2.0.tgz",
      "integrity": "sha512-EqX4pwDPrt3MuOAAUBMU0Tk5kR/YcCM5fNPEzgCO2zJ5HfX0vbiH9HbJglnyeQsN96Kznae6MWD47pZB5avTrg=="
    },
    "quick-format-unescaped": {
      "version": "4.0.3",
      "resolved": "https://registry.npmjs.org/quick-format-unescaped/-/quick-format-unescaped-4.0.3.tgz",
      "integrity": "sha512-MaL/oqh02mhEo5m5J2rwsVL23Iw2PEaGVHgT2vFt8AAsr0lfvQA5dpXo9TPu0rz7tSBdUPgkbam0j/fj5ZM8yg=="
    },
    "reflect-metadata": {
      "version": "0.1.13",
      "resolved": "https://registry.npmjs.org/reflect-metadata/-/reflect-metadata-0.1.13.tgz",
      "integrity": "sha512-Ts1Y/anZELhSsjMcU605fU9RE4Oi3p5ORujwbIKXfWa+0Zxs510Qrmrce5/Jowq3cHSZSJqBjypxmHarc+vEWg=="
    },
    "sonic-boom": {
      "version": "1.4.1",
      "resolved": "https://registry.npmjs.org/sonic-boom/-/sonic-boom-1.4.1.tgz",
      "integrity": "sha512-LRHh/A8tpW7ru89lrlkU4AszXt1dbwSjVWguGrmlxE7tawVmDBlI1PILMkXAxJTwqhgsEeTHzj36D5CmHgQmNg==",
      "requires": {
        "atomic-sleep": "^1.0.0",
        "flatstr": "^1.0.12"
      }
    }
  }
}
