{
  "name": "@typeix/resty",
  "version": "8.1.2-rc.2",
  "lockfileVersion": 2,
  "requires": true,
  "packages": {
    "": {
      "name": "@typeix/resty",
      "version": "8.1.1",
      "license": "MIT",
      "dependencies": {
        "@typeix/di": "^8.1.1",
        "@typeix/logger": "^8.1.1",
        "@typeix/metadata": "^8.1.1",
        "@typeix/modules": "^8.1.1",
        "@typeix/router": "^8.1.1",
        "@typeix/utils": "^8.1.1"
      },
      "engines": {
        "node": ">= 12.10.0"
      }
    },
    "node_modules/@typeix/di": {
      "version": "8.1.1",
      "resolved": "https://registry.npmjs.org/@typeix/di/-/di-8.1.1.tgz",
      "integrity": "sha512-pJC6E+7JvWSGE+Sybi/L/+a6/jsvFp4BRjb8xuEfkOXoymGb9eRndxZDwD4wAPiFXGqc+8sfMtARJPYd7bCoHw==",
      "dependencies": {
        "@typeix/metadata": "^8.1.1",
        "@typeix/utils": "^8.1.1"
      },
      "engines": {
        "node": ">= 12.10.0"
      }
    },
    "node_modules/@typeix/logger": {
      "version": "8.1.1",
      "resolved": "https://registry.npmjs.org/@typeix/logger/-/logger-8.1.1.tgz",
      "integrity": "sha512-dXBHzZwq7zjz0dpDydXRRUqLtpEe19v2TOq6jzdBkmCHXbUqqgjhjt1e2II+t9lU51oKzL0b/tcLoxsbV29cyA==",
      "dependencies": {
        "@typeix/di": "^8.1.1",
        "pino": "^6.11.3"
      },
      "engines": {
        "node": ">= 12.10.0"
      }
    },
    "node_modules/@typeix/metadata": {
      "version": "8.1.1",
      "resolved": "https://registry.npmjs.org/@typeix/metadata/-/metadata-8.1.1.tgz",
      "integrity": "sha512-vvx5YPPQF4tjBGQQLOg+5J5XF5PoI/rpNYerh9tdXmbVDQaGmVWaT18SsPcT8oxjEljLj/QP6HpUajP3PuH1Bg==",
      "dependencies": {
        "@typeix/utils": "^8.1.1",
        "reflect-metadata": "^0.1.13"
      },
      "engines": {
        "node": ">= 12.10.0"
      }
    },
    "node_modules/@typeix/modules": {
      "version": "8.1.1",
      "resolved": "https://registry.npmjs.org/@typeix/modules/-/modules-8.1.1.tgz",
      "integrity": "sha512-ZZSuFA/rHv7Brns+UQfP0Ce0bFIaLA49TFVoMFUUUolmAEYOEF5CFgoJFULhFEpcWSBRehCy/8A050NNsU+7/w==",
      "dependencies": {
        "@typeix/di": "^8.1.1",
        "@typeix/metadata": "^8.1.1",
        "@typeix/utils": "^8.1.1"
      },
      "engines": {
        "node": ">= 12.10.0"
      }
    },
    "node_modules/@typeix/router": {
      "version": "8.1.1",
      "resolved": "https://registry.npmjs.org/@typeix/router/-/router-8.1.1.tgz",
      "integrity": "sha512-mPqribfqb2TRgmcgzivixPQzFB/bI2jx2Nddx2y/1+czurG1Jd0BslpDp4p39V8l9V7DdtuyYCdvpilyZb/3tQ==",
      "dependencies": {
        "@typeix/di": "^8.1.1",
        "@typeix/metadata": "^8.1.1",
        "@typeix/utils": "^8.1.1"
      },
      "engines": {
        "node": ">= 12.10.0"
      }
    },
    "node_modules/@typeix/utils": {
      "version": "8.1.1",
      "resolved": "https://registry.npmjs.org/@typeix/utils/-/utils-8.1.1.tgz",
      "integrity": "sha512-+l7uu8wEF5Un8jmNK7YAtyxp2dt40JNYe0T/VUOVmeOicwooX5/cTiLFVYqMz3D4aWyJVM9kVjTLjl3YBOZa5g==",
      "engines": {
        "node": ">= 12.10.0"
      }
    },
    "node_modules/atomic-sleep": {
      "version": "1.0.0",
      "resolved": "https://registry.npmjs.org/atomic-sleep/-/atomic-sleep-1.0.0.tgz",
      "integrity": "sha512-kNOjDqAh7px0XWNI+4QbzoiR/nTkHAWNud2uvnJquD1/x5a7EQZMJT0AczqK0Qn67oY/TTQ1LbUKajZpp3I9tQ==",
      "engines": {
        "node": ">=8.0.0"
      }
    },
    "node_modules/fast-redact": {
      "version": "3.0.2",
      "resolved": "https://registry.npmjs.org/fast-redact/-/fast-redact-3.0.2.tgz",
      "integrity": "sha512-YN+CYfCVRVMUZOUPeinHNKgytM1wPI/C/UCLEi56EsY2dwwvI00kIJHJoI7pMVqGoMew8SMZ2SSfHKHULHXDsg==",
      "engines": {
        "node": ">=6"
      }
    },
    "node_modules/fast-safe-stringify": {
      "version": "2.1.1",
      "resolved": "https://registry.npmjs.org/fast-safe-stringify/-/fast-safe-stringify-2.1.1.tgz",
      "integrity": "sha512-W+KJc2dmILlPplD/H4K9l9LcAHAfPtP6BY84uVLXQ6Evcz9Lcg33Y2z1IVblT6xdY54PXYVHEv+0Wpq8Io6zkA=="
    },
    "node_modules/fastify-warning": {
      "version": "0.2.0",
      "resolved": "https://registry.npmjs.org/fastify-warning/-/fastify-warning-0.2.0.tgz",
      "integrity": "sha512-s1EQguBw/9qtc1p/WTY4eq9WMRIACkj+HTcOIK1in4MV5aFaQC9ZCIt0dJ7pr5bIf4lPpHvAtP2ywpTNgs7hqw=="
    },
    "node_modules/flatstr": {
      "version": "1.0.12",
      "resolved": "https://registry.npmjs.org/flatstr/-/flatstr-1.0.12.tgz",
      "integrity": "sha512-4zPxDyhCyiN2wIAtSLI6gc82/EjqZc1onI4Mz/l0pWrAlsSfYH/2ZIcU+e3oA2wDwbzIWNKwa23F8rh6+DRWkw=="
    },
    "node_modules/pino": {
      "version": "6.13.3",
      "resolved": "https://registry.npmjs.org/pino/-/pino-6.13.3.tgz",
      "integrity": "sha512-tJy6qVgkh9MwNgqX1/oYi3ehfl2Y9H0uHyEEMsBe74KinESIjdMrMQDWpcZPpPicg3VV35d/GLQZmo4QgU2Xkg==",
      "dependencies": {
        "fast-redact": "^3.0.0",
        "fast-safe-stringify": "^2.0.8",
        "fastify-warning": "^0.2.0",
        "flatstr": "^1.0.12",
        "pino-std-serializers": "^3.1.0",
        "quick-format-unescaped": "^4.0.3",
        "sonic-boom": "^1.0.2"
      },
      "bin": {
        "pino": "bin.js"
      }
    },
    "node_modules/pino-std-serializers": {
      "version": "3.2.0",
      "resolved": "https://registry.npmjs.org/pino-std-serializers/-/pino-std-serializers-3.2.0.tgz",
      "integrity": "sha512-EqX4pwDPrt3MuOAAUBMU0Tk5kR/YcCM5fNPEzgCO2zJ5HfX0vbiH9HbJglnyeQsN96Kznae6MWD47pZB5avTrg=="
    },
    "node_modules/quick-format-unescaped": {
      "version": "4.0.4",
      "resolved": "https://registry.npmjs.org/quick-format-unescaped/-/quick-format-unescaped-4.0.4.tgz",
      "integrity": "sha512-tYC1Q1hgyRuHgloV/YXs2w15unPVh8qfu/qCTfhTYamaw7fyhumKa2yGpdSo87vY32rIclj+4fWYQXUMs9EHvg=="
    },
    "node_modules/reflect-metadata": {
      "version": "0.1.13",
      "resolved": "https://registry.npmjs.org/reflect-metadata/-/reflect-metadata-0.1.13.tgz",
      "integrity": "sha512-Ts1Y/anZELhSsjMcU605fU9RE4Oi3p5ORujwbIKXfWa+0Zxs510Qrmrce5/Jowq3cHSZSJqBjypxmHarc+vEWg=="
    },
    "node_modules/sonic-boom": {
      "version": "1.4.1",
      "resolved": "https://registry.npmjs.org/sonic-boom/-/sonic-boom-1.4.1.tgz",
      "integrity": "sha512-LRHh/A8tpW7ru89lrlkU4AszXt1dbwSjVWguGrmlxE7tawVmDBlI1PILMkXAxJTwqhgsEeTHzj36D5CmHgQmNg==",
      "dependencies": {
        "atomic-sleep": "^1.0.0",
        "flatstr": "^1.0.12"
      }
    }
  },
  "dependencies": {
    "@typeix/di": {
      "version": "8.1.1",
      "resolved": "https://registry.npmjs.org/@typeix/di/-/di-8.1.1.tgz",
      "integrity": "sha512-pJC6E+7JvWSGE+Sybi/L/+a6/jsvFp4BRjb8xuEfkOXoymGb9eRndxZDwD4wAPiFXGqc+8sfMtARJPYd7bCoHw==",
      "requires": {
        "@typeix/metadata": "^8.1.1",
        "@typeix/utils": "^8.1.1"
      }
    },
    "@typeix/logger": {
      "version": "8.1.1",
      "resolved": "https://registry.npmjs.org/@typeix/logger/-/logger-8.1.1.tgz",
      "integrity": "sha512-dXBHzZwq7zjz0dpDydXRRUqLtpEe19v2TOq6jzdBkmCHXbUqqgjhjt1e2II+t9lU51oKzL0b/tcLoxsbV29cyA==",
      "requires": {
        "@typeix/di": "^8.1.1",
        "pino": "^6.11.3"
      }
    },
    "@typeix/metadata": {
      "version": "8.1.1",
      "resolved": "https://registry.npmjs.org/@typeix/metadata/-/metadata-8.1.1.tgz",
      "integrity": "sha512-vvx5YPPQF4tjBGQQLOg+5J5XF5PoI/rpNYerh9tdXmbVDQaGmVWaT18SsPcT8oxjEljLj/QP6HpUajP3PuH1Bg==",
      "requires": {
        "@typeix/utils": "^8.1.1",
        "reflect-metadata": "^0.1.13"
      }
    },
    "@typeix/modules": {
      "version": "8.1.1",
      "resolved": "https://registry.npmjs.org/@typeix/modules/-/modules-8.1.1.tgz",
      "integrity": "sha512-ZZSuFA/rHv7Brns+UQfP0Ce0bFIaLA49TFVoMFUUUolmAEYOEF5CFgoJFULhFEpcWSBRehCy/8A050NNsU+7/w==",
      "requires": {
        "@typeix/di": "^8.1.1",
        "@typeix/metadata": "^8.1.1",
        "@typeix/utils": "^8.1.1"
      }
    },
    "@typeix/router": {
      "version": "8.1.1",
      "resolved": "https://registry.npmjs.org/@typeix/router/-/router-8.1.1.tgz",
      "integrity": "sha512-mPqribfqb2TRgmcgzivixPQzFB/bI2jx2Nddx2y/1+czurG1Jd0BslpDp4p39V8l9V7DdtuyYCdvpilyZb/3tQ==",
      "requires": {
        "@typeix/di": "^8.1.1",
        "@typeix/metadata": "^8.1.1",
        "@typeix/utils": "^8.1.1"
      }
    },
    "@typeix/utils": {
      "version": "8.1.1",
      "resolved": "https://registry.npmjs.org/@typeix/utils/-/utils-8.1.1.tgz",
      "integrity": "sha512-+l7uu8wEF5Un8jmNK7YAtyxp2dt40JNYe0T/VUOVmeOicwooX5/cTiLFVYqMz3D4aWyJVM9kVjTLjl3YBOZa5g=="
    },
    "atomic-sleep": {
      "version": "1.0.0",
      "resolved": "https://registry.npmjs.org/atomic-sleep/-/atomic-sleep-1.0.0.tgz",
      "integrity": "sha512-kNOjDqAh7px0XWNI+4QbzoiR/nTkHAWNud2uvnJquD1/x5a7EQZMJT0AczqK0Qn67oY/TTQ1LbUKajZpp3I9tQ=="
    },
    "fast-redact": {
      "version": "3.0.2",
      "resolved": "https://registry.npmjs.org/fast-redact/-/fast-redact-3.0.2.tgz",
      "integrity": "sha512-YN+CYfCVRVMUZOUPeinHNKgytM1wPI/C/UCLEi56EsY2dwwvI00kIJHJoI7pMVqGoMew8SMZ2SSfHKHULHXDsg=="
    },
    "fast-safe-stringify": {
      "version": "2.1.1",
      "resolved": "https://registry.npmjs.org/fast-safe-stringify/-/fast-safe-stringify-2.1.1.tgz",
      "integrity": "sha512-W+KJc2dmILlPplD/H4K9l9LcAHAfPtP6BY84uVLXQ6Evcz9Lcg33Y2z1IVblT6xdY54PXYVHEv+0Wpq8Io6zkA=="
    },
    "fastify-warning": {
      "version": "0.2.0",
      "resolved": "https://registry.npmjs.org/fastify-warning/-/fastify-warning-0.2.0.tgz",
      "integrity": "sha512-s1EQguBw/9qtc1p/WTY4eq9WMRIACkj+HTcOIK1in4MV5aFaQC9ZCIt0dJ7pr5bIf4lPpHvAtP2ywpTNgs7hqw=="
    },
    "flatstr": {
      "version": "1.0.12",
      "resolved": "https://registry.npmjs.org/flatstr/-/flatstr-1.0.12.tgz",
      "integrity": "sha512-4zPxDyhCyiN2wIAtSLI6gc82/EjqZc1onI4Mz/l0pWrAlsSfYH/2ZIcU+e3oA2wDwbzIWNKwa23F8rh6+DRWkw=="
    },
    "pino": {
      "version": "6.13.3",
      "resolved": "https://registry.npmjs.org/pino/-/pino-6.13.3.tgz",
      "integrity": "sha512-tJy6qVgkh9MwNgqX1/oYi3ehfl2Y9H0uHyEEMsBe74KinESIjdMrMQDWpcZPpPicg3VV35d/GLQZmo4QgU2Xkg==",
      "requires": {
        "fast-redact": "^3.0.0",
        "fast-safe-stringify": "^2.0.8",
        "fastify-warning": "^0.2.0",
        "flatstr": "^1.0.12",
        "pino-std-serializers": "^3.1.0",
        "quick-format-unescaped": "^4.0.3",
        "sonic-boom": "^1.0.2"
      }
    },
    "pino-std-serializers": {
      "version": "3.2.0",
      "resolved": "https://registry.npmjs.org/pino-std-serializers/-/pino-std-serializers-3.2.0.tgz",
      "integrity": "sha512-EqX4pwDPrt3MuOAAUBMU0Tk5kR/YcCM5fNPEzgCO2zJ5HfX0vbiH9HbJglnyeQsN96Kznae6MWD47pZB5avTrg=="
    },
    "quick-format-unescaped": {
      "version": "4.0.4",
      "resolved": "https://registry.npmjs.org/quick-format-unescaped/-/quick-format-unescaped-4.0.4.tgz",
      "integrity": "sha512-tYC1Q1hgyRuHgloV/YXs2w15unPVh8qfu/qCTfhTYamaw7fyhumKa2yGpdSo87vY32rIclj+4fWYQXUMs9EHvg=="
    },
    "reflect-metadata": {
      "version": "0.1.13",
      "resolved": "https://registry.npmjs.org/reflect-metadata/-/reflect-metadata-0.1.13.tgz",
      "integrity": "sha512-Ts1Y/anZELhSsjMcU605fU9RE4Oi3p5ORujwbIKXfWa+0Zxs510Qrmrce5/Jowq3cHSZSJqBjypxmHarc+vEWg=="
    },
    "sonic-boom": {
      "version": "1.4.1",
      "resolved": "https://registry.npmjs.org/sonic-boom/-/sonic-boom-1.4.1.tgz",
      "integrity": "sha512-LRHh/A8tpW7ru89lrlkU4AszXt1dbwSjVWguGrmlxE7tawVmDBlI1PILMkXAxJTwqhgsEeTHzj36D5CmHgQmNg==",
      "requires": {
        "atomic-sleep": "^1.0.0",
        "flatstr": "^1.0.12"
      }
    }
  }
}
