{
  "name": "@typeix/metadata",
  "version": "7.2.7-alpha.0",
  "lockfileVersion": 1,
  "requires": true,
  "dependencies": {
    "@typeix/utils": {
      "version": "7.2.7-alpha.0",
      "resolved": "https://registry.npmjs.org/@typeix/utils/-/utils-7.2.7-alpha.0.tgz",
      "integrity": "sha512-37Qfh1T7K5I39GN41Ztvd2JPTuWbFibSbhgsEsdPYVjMOjw96HiQMJiF1b3v7AEaHX0WCB827i5H6IGx5vP+5A=="
    },
    "reflect-metadata": {
      "version": "0.1.13",
      "resolved": "https://registry.npmjs.org/reflect-metadata/-/reflect-metadata-0.1.13.tgz",
      "integrity": "sha512-Ts1Y/anZELhSsjMcU605fU9RE4Oi3p5ORujwbIKXfWa+0Zxs510Qrmrce5/Jowq3cHSZSJqBjypxmHarc+vEWg=="
    }
  }
}
