{
  "name": "@typeix/metadata",
  "version": "8.6.1-rc.1",
  "lockfileVersion": 3,
  "requires": true,
  "packages": {
    "": {
      "name": "@typeix/metadata",
      "version": "8.6.1-rc.1",
      "license": "MIT",
      "dependencies": {
        "@typeix/utils": "^8.6.1-rc.1",
        "reflect-metadata": "^0.2.2"
      },
      "engines": {
        "node": ">=18.0.0"
      }
    },
    "node_modules/@typeix/utils": {
      "version": "8.6.1-rc.0",
      "resolved": "https://registry.npmjs.org/@typeix/utils/-/utils-8.6.1-rc.0.tgz",
      "integrity": "sha512-UDNC5ueF6vPg2cV79DfHSvDmJfX70GXnfxTIlLPlIpyB1FpH5AIx8RZBSAotdLRnLozcJUSIww0ldIPhfGyddg==",
      "engines": {
        "node": ">=18.0.0"
      }
    },
    "node_modules/reflect-metadata": {
      "version": "0.2.2",
      "resolved": "https://registry.npmjs.org/reflect-metadata/-/reflect-metadata-0.2.2.tgz",
      "integrity": "sha512-urBwgfrvVP/eAyXx4hluJivBKzuEbSQs9rKWCrCkbSxNv8mxPcUZKeuoF3Uy4mJl3Lwprp6yy5/39VWigZ4K6Q=="
    }
  }
}
