{
  "name": "@typeix/metadata",
  "version": "8.0.0-alpha.0",
  "lockfileVersion": 1,
  "requires": true,
  "dependencies": {
    "@typeix/utils": {
      "version": "8.0.0-alpha.0",
      "resolved": "https://registry.npmjs.org/@typeix/utils/-/utils-8.0.0-alpha.0.tgz",
      "integrity": "sha512-KO7wMbxUQCt46Jd0wq23BnT72ruCbg3ofSjJbuveaR6+y3MEgrS2iFdazFpQ6VxTzvbwiRDDiWJoftg4RsU6fg=="
    },
    "reflect-metadata": {
      "version": "0.1.13",
      "resolved": "https://registry.npmjs.org/reflect-metadata/-/reflect-metadata-0.1.13.tgz",
      "integrity": "sha512-Ts1Y/anZELhSsjMcU605fU9RE4Oi3p5ORujwbIKXfWa+0Zxs510Qrmrce5/Jowq3cHSZSJqBjypxmHarc+vEWg=="
    }
  }
}
